
Microsoft Visual Studio Solution File, Format Version 12.00
# Visual Studio 15
VisualStudioVersion = 15.0.28010.2016
MinimumVisualStudioVersion = 10.0.40219.1
Project("{F184B08F-C81C-45F6-A57F-5ABD9991F28F}") = "Paso1_Ejercicios_Solucion", "Paso1_Ejercicios_Solucion\Paso1_Ejercicios_Solucion.vbproj", "{1CB05651-1FD5-4611-9B35-D0AB79EE2675}"
EndProject
Global
	GlobalSection(SolutionConfigurationPlatforms) = preSolution
		Debug|Any CPU = Debug|Any CPU
		Release|Any CPU = Release|Any CPU
	EndGlobalSection
	GlobalSection(ProjectConfigurationPlatforms) = postSolution
		{1CB05651-1FD5-4611-9B35-D0AB79EE2675}.Debug|Any CPU.ActiveCfg = Debug|Any CPU
		{1CB05651-1FD5-4611-9B35-D0AB79EE2675}.Debug|Any CPU.Build.0 = Debug|Any CPU
		{1CB05651-1FD5-4611-9B35-D0AB79EE2675}.Release|Any CPU.ActiveCfg = Release|Any CPU
		{1CB05651-1FD5-4611-9B35-D0AB79EE2675}.Release|Any CPU.Build.0 = Release|Any CPU
	EndGlobalSection
	GlobalSection(SolutionProperties) = preSolution
		HideSolutionNode = FALSE
	EndGlobalSection
	GlobalSection(ExtensibilityGlobals) = postSolution
		SolutionGuid = {CCEAAD73-A4F3-4A07-ABE2-CB3A1B18D738}
	EndGlobalSection
EndGlobal
